
Microsoft Visual Studio Solution File, Format Version 12.00
# Visual Studio Version 17
VisualStudioVersion = 17.10.35013.160
MinimumVisualStudioVersion = 10.0.40219.1
Project("{FAE04EC0-301F-11D3-BF4B-00C04F79EFBC}") = "TypeClipboard", "TypeClipboard.csproj", "{417E4597-956D-4D9A-BE29-45A8312175C2}"
EndProject
Global
	GlobalSection(SolutionConfigurationPlatforms) = preSolution
		Debug|Any CPU = Debug|Any CPU
		Release|Any CPU = Release|Any CPU
	EndGlobalSection
	GlobalSection(ProjectConfigurationPlatforms) = postSolution
		{417E4597-956D-4D9A-BE29-45A8312175C2}.Debug|Any CPU.ActiveCfg = Debug|Any CPU
		{417E4597-956D-4D9A-BE29-45A8312175C2}.Debug|Any CPU.Build.0 = Debug|Any CPU
		{417E4597-956D-4D9A-BE29-45A8312175C2}.Release|Any CPU.ActiveCfg = Release|Any CPU
		{417E4597-956D-4D9A-BE29-45A8312175C2}.Release|Any CPU.Build.0 = Release|Any CPU
	EndGlobalSection
	GlobalSection(SolutionProperties) = preSolution
		HideSolutionNode = FALSE
	EndGlobalSection
	GlobalSection(ExtensibilityGlobals) = postSolution
		SolutionGuid = {D198C323-396C-4BEB-A059-E924A6DCBCCF}
	EndGlobalSection
EndGlobal
